
Microsoft Visual Studio Solution File, Format Version 12.00
# Visual Studio Version 16
VisualStudioVersion = 16.0.32126.315
MinimumVisualStudioVersion = 10.0.40219.1
Project("{FAE04EC0-301F-11D3-BF4B-00C04F79EFBC}") = "VueJSDotnet51", "VueJSDotnet51\VueJSDotnet51.csproj", "{056D3C8F-6600-40AF-9568-4B6D72F0CA45}"
EndProject
Global
	GlobalSection(SolutionConfigurationPlatforms) = preSolution
		Debug|Any CPU = Debug|Any CPU
		Release|Any CPU = Release|Any CPU
	EndGlobalSection
	GlobalSection(ProjectConfigurationPlatforms) = postSolution
		{056D3C8F-6600-40AF-9568-4B6D72F0CA45}.Debug|Any CPU.ActiveCfg = Debug|Any CPU
		{056D3C8F-6600-40AF-9568-4B6D72F0CA45}.Debug|Any CPU.Build.0 = Debug|Any CPU
		{056D3C8F-6600-40AF-9568-4B6D72F0CA45}.Release|Any CPU.ActiveCfg = Release|Any CPU
		{056D3C8F-6600-40AF-9568-4B6D72F0CA45}.Release|Any CPU.Build.0 = Release|Any CPU
	EndGlobalSection
	GlobalSection(SolutionProperties) = preSolution
		HideSolutionNode = FALSE
	EndGlobalSection
	GlobalSection(ExtensibilityGlobals) = postSolution
		SolutionGuid = {8A520613-A1AC-45C4-B41A-E45393786644}
	EndGlobalSection
EndGlobal
